
Microsoft Visual Studio Solution File, Format Version 12.00
# Visual Studio Version 16
VisualStudioVersion = 16.0.31005.135
MinimumVisualStudioVersion = 10.0.40219.1
Project("{FAE04EC0-301F-11D3-BF4B-00C04F79EFBC}") = "CollegeSporting", "CollegeSporting\CollegeSporting.csproj", "{22C86D59-89DA-46DE-AAD9-D6EF0DA99F89}"
EndProject
Global
	GlobalSection(SolutionConfigurationPlatforms) = preSolution
		Debug|Any CPU = Debug|Any CPU
		Release|Any CPU = Release|Any CPU
	EndGlobalSection
	GlobalSection(ProjectConfigurationPlatforms) = postSolution
		{22C86D59-89DA-46DE-AAD9-D6EF0DA99F89}.Debug|Any CPU.ActiveCfg = Debug|Any CPU
		{22C86D59-89DA-46DE-AAD9-D6EF0DA99F89}.Debug|Any CPU.Build.0 = Debug|Any CPU
		{22C86D59-89DA-46DE-AAD9-D6EF0DA99F89}.Release|Any CPU.ActiveCfg = Release|Any CPU
		{22C86D59-89DA-46DE-AAD9-D6EF0DA99F89}.Release|Any CPU.Build.0 = Release|Any CPU
	EndGlobalSection
	GlobalSection(SolutionProperties) = preSolution
		HideSolutionNode = FALSE
	EndGlobalSection
	GlobalSection(ExtensibilityGlobals) = postSolution
		SolutionGuid = {40ECFCF4-29FA-428D-B9E2-0A8AAE759815}
	EndGlobalSection
EndGlobal
